// !$*UTF8*$!
{
	archiveVersion = 1;
	classes = {
	};
	objectVersion = 46;
	objects = {

/* Begin PBXBuildFile section */
		1B83C9C3162475FC005799B6 /* UIKit.framework in Frameworks */ = {isa = PBXBuildFile; fileRef = 1B83C9C2162475FC005799B6 /* UIKit.framework */; };
		1B83C9C5162475FC005799B6 /* Foundation.framework in Frameworks */ = {isa = PBXBuildFile; fileRef = 1B83C9C4162475FC005799B6 /* Foundation.framework */; };
		1B83C9C7162475FC005799B6 /* CoreGraphics.framework in Frameworks */ = {isa = PBXBuildFile; fileRef = 1B83C9C6162475FC005799B6 /* CoreGraphics.framework */; };
		1B83C9CD162475FC005799B6 /* InfoPlist.strings in Resources */ = {isa = PBXBuildFile; fileRef = 1B83C9CB162475FC005799B6 /* InfoPlist.strings */; };
		1B83C9CF162475FC005799B6 /* main.m in Sources */ = {isa = PBXBuildFile; fileRef = 1B83C9CE162475FC005799B6 /* main.m */; };
		1B83C9D3162475FC005799B6 /* CGAppDelegate.m in Sources */ = {isa = PBXBuildFile; fileRef = 1B83C9D2162475FC005799B6 /* CGAppDelegate.m */; };
		1B83C9D6162475FC005799B6 /* MainStoryboard_iPhone.storyboard in Resources */ = {isa = PBXBuildFile; fileRef = 1B83C9D4162475FC005799B6 /* MainStoryboard_iPhone.storyboard */; };
		1B83C9D9162475FC005799B6 /* MainStoryboard_iPad.storyboard in Resources */ = {isa = PBXBuildFile; fileRef = 1B83C9D7162475FC005799B6 /* MainStoryboard_iPad.storyboard */; };
		1B83C9DC162475FC005799B6 /* CGViewController.m in Sources */ = {isa = PBXBuildFile; fileRef = 1B83C9DB162475FC005799B6 /* CGViewController.m */; };
		1B83C9E81624A662005799B6 /* CGAddGuestViewController.m in Sources */ = {isa = PBXBuildFile; fileRef = 1B83C9E71624A662005799B6 /* CGAddGuestViewController.m */; };
		1B83C9EA1624A717005799B6 /* CGGuestDetailTableViewController.m in Sources */ = {isa = PBXBuildFile; fileRef = 1B83C9E91624A717005799B6 /* CGGuestDetailTableViewController.m */; };
		1B83CAFC16283BA2005799B6 /* CGOwnerVenueViewController.m in Sources */ = {isa = PBXBuildFile; fileRef = 1B83CAFB16283BA2005799B6 /* CGOwnerVenueViewController.m */; };
/* End PBXBuildFile section */

/* Begin PBXFileReference section */
		1B83C9BE162475FC005799B6 /* WaitList.app */ = {isa = PBXFileReference; explicitFileType = wrapper.application; includeInIndex = 0; path = WaitList.app; sourceTree = BUILT_PRODUCTS_DIR; };
		1B83C9C2162475FC005799B6 /* UIKit.framework */ = {isa = PBXFileReference; lastKnownFileType = wrapper.framework; name = UIKit.framework; path = System/Library/Frameworks/UIKit.framework; sourceTree = SDKROOT; };
		1B83C9C4162475FC005799B6 /* Foundation.framework */ = {isa = PBXFileReference; lastKnownFileType = wrapper.framework; name = Foundation.framework; path = System/Library/Frameworks/Foundation.framework; sourceTree = SDKROOT; };
		1B83C9C6162475FC005799B6 /* CoreGraphics.framework */ = {isa = PBXFileReference; lastKnownFileType = wrapper.framework; name = CoreGraphics.framework; path = System/Library/Frameworks/CoreGraphics.framework; sourceTree = SDKROOT; };
		1B83C9CA162475FC005799B6 /* WaitList-Info.plist */ = {isa = PBXFileReference; lastKnownFileType = text.plist.xml; path = "WaitList-Info.plist"; sourceTree = "<group>"; };
		1B83C9CC162475FC005799B6 /* en */ = {isa = PBXFileReference; lastKnownFileType = text.plist.strings; name = en; path = en.lproj/InfoPlist.strings; sourceTree = "<group>"; };
		1B83C9CE162475FC005799B6 /* main.m */ = {isa = PBXFileReference; lastKnownFileType = sourcecode.c.objc; path = main.m; sourceTree = "<group>"; };
		1B83C9D0162475FC005799B6 /* WaitList-Prefix.pch */ = {isa = PBXFileReference; lastKnownFileType = sourcecode.c.h; path = "WaitList-Prefix.pch"; sourceTree = "<group>"; };
		1B83C9D1162475FC005799B6 /* CGAppDelegate.h */ = {isa = PBXFileReference; lastKnownFileType = sourcecode.c.h; path = CGAppDelegate.h; sourceTree = "<group>"; };
		1B83C9D2162475FC005799B6 /* CGAppDelegate.m */ = {isa = PBXFileReference; lastKnownFileType = sourcecode.c.objc; path = CGAppDelegate.m; sourceTree = "<group>"; };
		1B83C9D5162475FC005799B6 /* en */ = {isa = PBXFileReference; lastKnownFileType = file.storyboard; name = en; path = en.lproj/MainStoryboard_iPhone.storyboard; sourceTree = "<group>"; };
		1B83C9D8162475FC005799B6 /* en */ = {isa = PBXFileReference; lastKnownFileType = file.storyboard; name = en; path = en.lproj/MainStoryboard_iPad.storyboard; sourceTree = "<group>"; };
		1B83C9DA162475FC005799B6 /* CGViewController.h */ = {isa = PBXFileReference; lastKnownFileType = sourcecode.c.h; path = CGViewController.h; sourceTree = "<group>"; };
		1B83C9DB162475FC005799B6 /* CGViewController.m */ = {isa = PBXFileReference; lastKnownFileType = sourcecode.c.objc; path = CGViewController.m; sourceTree = "<group>"; };
		1B83C9E316249394005799B6 /* CGGuestDetailTableViewController.h */ = {isa = PBXFileReference; fileEncoding = 4; lastKnownFileType = sourcecode.c.h; path = CGGuestDetailTableViewController.h; sourceTree = "<group>"; };
		1B83C9E61624A662005799B6 /* CGAddGuestViewController.h */ = {isa = PBXFileReference; fileEncoding = 4; lastKnownFileType = sourcecode.c.h; path = CGAddGuestViewController.h; sourceTree = "<group>"; };
		1B83C9E71624A662005799B6 /* CGAddGuestViewController.m */ = {isa = PBXFileReference; fileEncoding = 4; lastKnownFileType = sourcecode.c.objc; path = CGAddGuestViewController.m; sourceTree = "<group>"; };
		1B83C9E91624A717005799B6 /* CGGuestDetailTableViewController.m */ = {isa = PBXFileReference; fileEncoding = 4; lastKnownFileType = sourcecode.c.objc; path = CGGuestDetailTableViewController.m; sourceTree = "<group>"; };
		1B83CAFA16283BA2005799B6 /* CGOwnerVenueViewController.h */ = {isa = PBXFileReference; fileEncoding = 4; lastKnownFileType = sourcecode.c.h; path = CGOwnerVenueViewController.h; sourceTree = "<group>"; };
		1B83CAFB16283BA2005799B6 /* CGOwnerVenueViewController.m */ = {isa = PBXFileReference; fileEncoding = 4; lastKnownFileType = sourcecode.c.objc; path = CGOwnerVenueViewController.m; sourceTree = "<group>"; };
/* End PBXFileReference section */

/* Begin PBXFrameworksBuildPhase section */
		1B83C9BB162475FC005799B6 /* Frameworks */ = {
			isa = PBXFrameworksBuildPhase;
			buildActionMask = 2147483647;
			files = (
				1B83C9C3162475FC005799B6 /* UIKit.framework in Frameworks */,
				1B83C9C5162475FC005799B6 /* Foundation.framework in Frameworks */,
				1B83C9C7162475FC005799B6 /* CoreGraphics.framework in Frameworks */,
			);
			runOnlyForDeploymentPostprocessing = 0;
		};
/* End PBXFrameworksBuildPhase section */

/* Begin PBXGroup section */
		1B83C9B3162475FC005799B6 = {
			isa = PBXGroup;
			children = (
				1B83C9C8162475FC005799B6 /* WaitList */,
				1B83C9C1162475FC005799B6 /* Frameworks */,
				1B83C9BF162475FC005799B6 /* Products */,
			);
			sourceTree = "<group>";
		};
		1B83C9BF162475FC005799B6 /* Products */ = {
			isa = PBXGroup;
			children = (
				1B83C9BE162475FC005799B6 /* WaitList.app */,
			);
			name = Products;
			sourceTree = "<group>";
		};
		1B83C9C1162475FC005799B6 /* Frameworks */ = {
			isa = PBXGroup;
			children = (
				1B83C9C2162475FC005799B6 /* UIKit.framework */,
				1B83C9C4162475FC005799B6 /* Foundation.framework */,
				1B83C9C6162475FC005799B6 /* CoreGraphics.framework */,
			);
			name = Frameworks;
			sourceTree = "<group>";
		};
		1B83C9C8162475FC005799B6 /* WaitList */ = {
			isa = PBXGroup;
			children = (
				1B83C9E21624934B005799B6 /* iPhone Controllers */,
				1B83C9D1162475FC005799B6 /* CGAppDelegate.h */,
				1B83C9D2162475FC005799B6 /* CGAppDelegate.m */,
				1B83C9D4162475FC005799B6 /* MainStoryboard_iPhone.storyboard */,
				1B83C9D7162475FC005799B6 /* MainStoryboard_iPad.storyboard */,
				1B83C9DA162475FC005799B6 /* CGViewController.h */,
				1B83C9DB162475FC005799B6 /* CGViewController.m */,
				1B83C9C9162475FC005799B6 /* Supporting Files */,
			);
			path = WaitList;
			sourceTree = "<group>";
		};
		1B83C9C9162475FC005799B6 /* Supporting Files */ = {
			isa = PBXGroup;
			children = (
				1B83C9CA162475FC005799B6 /* WaitList-Info.plist */,
				1B83C9CB162475FC005799B6 /* InfoPlist.strings */,
				1B83C9CE162475FC005799B6 /* main.m */,
				1B83C9D0162475FC005799B6 /* WaitList-Prefix.pch */,
			);
			name = "Supporting Files";
			sourceTree = "<group>";
		};
		1B83C9E21624934B005799B6 /* iPhone Controllers */ = {
			isa = PBXGroup;
			children = (
				1B83C9E316249394005799B6 /* CGGuestDetailTableViewController.h */,
				1B83C9E91624A717005799B6 /* CGGuestDetailTableViewController.m */,
				1B83C9E61624A662005799B6 /* CGAddGuestViewController.h */,
				1B83C9E71624A662005799B6 /* CGAddGuestViewController.m */,
				1B83CAFA16283BA2005799B6 /* CGOwnerVenueViewController.h */,
				1B83CAFB16283BA2005799B6 /* CGOwnerVenueViewController.m */,
			);
			name = "iPhone Controllers";
			sourceTree = "<group>";
		};
/* End PBXGroup section */

/* Begin PBXNativeTarget section */
		1B83C9BD162475FC005799B6 /* WaitList */ = {
			isa = PBXNativeTarget;
			buildConfigurationList = 1B83C9DF162475FC005799B6 /* Build configuration list for PBXNativeTarget "WaitList" */;
			buildPhases = (
				1B83C9BA162475FC005799B6 /* Sources */,
				1B83C9BB162475FC005799B6 /* Frameworks */,
				1B83C9BC162475FC005799B6 /* Resources */,
			);
			buildRules = (
			);
			dependencies = (
			);
			name = WaitList;
			productName = WaitList;
			productReference = 1B83C9BE162475FC005799B6 /* WaitList.app */;
			productType = "com.apple.product-type.application";
		};
/* End PBXNativeTarget section */

/* Begin PBXProject section */
		1B83C9B5162475FC005799B6 /* Project object */ = {
			isa = PBXProject;
			attributes = {
				CLASSPREFIX = CG;
				LastUpgradeCheck = 0440;
				ORGANIZATIONNAME = "Padraic Doyle";
			};
			buildConfigurationList = 1B83C9B8162475FC005799B6 /* Build configuration list for PBXProject "WaitList" */;
			compatibilityVersion = "Xcode 3.2";
			developmentRegion = English;
			hasScannedForEncodings = 0;
			knownRegions = (
				en,
			);
			mainGroup = 1B83C9B3162475FC005799B6;
			productRefGroup = 1B83C9BF162475FC005799B6 /* Products */;
			projectDirPath = "";
			projectRoot = "";
			targets = (
				1B83C9BD162475FC005799B6 /* WaitList */,
			);
		};
/* End PBXProject section */

/* Begin PBXResourcesBuildPhase section */
		1B83C9BC162475FC005799B6 /* Resources */ = {
			isa = PBXResourcesBuildPhase;
			buildActionMask = 2147483647;
			files = (
				1B83C9CD162475FC005799B6 /* InfoPlist.strings in Resources */,
				1B83C9D6162475FC005799B6 /* MainStoryboard_iPhone.storyboard in Resources */,
				1B83C9D9162475FC005799B6 /* MainStoryboard_iPad.storyboard in Resources */,
			);
			runOnlyForDeploymentPostprocessing = 0;
		};
/* End PBXResourcesBuildPhase section */

/* Begin PBXSourcesBuildPhase section */
		1B83C9BA162475FC005799B6 /* Sources */ = {
			isa = PBXSourcesBuildPhase;
			buildActionMask = 2147483647;
			files = (
				1B83C9CF162475FC005799B6 /* main.m in Sources */,
				1B83C9D3162475FC005799B6 /* CGAppDelegate.m in Sources */,
				1B83C9DC162475FC005799B6 /* CGViewController.m in Sources */,
				1B83C9E81624A662005799B6 /* CGAddGuestViewController.m in Sources */,
				1B83C9EA1624A717005799B6 /* CGGuestDetailTableViewController.m in Sources */,
				1B83CAFC16283BA2005799B6 /* CGOwnerVenueViewController.m in Sources */,
			);
			runOnlyForDeploymentPostprocessing = 0;
		};
/* End PBXSourcesBuildPhase section */

/* Begin PBXVariantGroup section */
		1B83C9CB162475FC005799B6 /* InfoPlist.strings */ = {
			isa = PBXVariantGroup;
			children = (
				1B83C9CC162475FC005799B6 /* en */,
			);
			name = InfoPlist.strings;
			sourceTree = "<group>";
		};
		1B83C9D4162475FC005799B6 /* MainStoryboard_iPhone.storyboard */ = {
			isa = PBXVariantGroup;
			children = (
				1B83C9D5162475FC005799B6 /* en */,
			);
			name = MainStoryboard_iPhone.storyboard;
			sourceTree = "<group>";
		};
		1B83C9D7162475FC005799B6 /* MainStoryboard_iPad.storyboard */ = {
			isa = PBXVariantGroup;
			children = (
				1B83C9D8162475FC005799B6 /* en */,
			);
			name = MainStoryboard_iPad.storyboard;
			sourceTree = "<group>";
		};
/* End PBXVariantGroup section */

/* Begin XCBuildConfiguration section */
		1B83C9DD162475FC005799B6 /* Debug */ = {
			isa = XCBuildConfiguration;
			buildSettings = {
				ALWAYS_SEARCH_USER_PATHS = NO;
				ARCHS = "$(ARCHS_STANDARD_32_BIT)";
				CLANG_CXX_LANGUAGE_STANDARD = "gnu++0x";
				CLANG_ENABLE_OBJC_ARC = YES;
				CLANG_WARN__DUPLICATE_METHOD_MATCH = YES;
				"CODE_SIGN_IDENTITY[sdk=iphoneos*]" = "iPhone Developer";
				COPY_PHASE_STRIP = NO;
				GCC_C_LANGUAGE_STANDARD = gnu99;
				GCC_DYNAMIC_NO_PIC = NO;
				GCC_OPTIMIZATION_LEVEL = 0;
				GCC_PREPROCESSOR_DEFINITIONS = (
					"DEBUG=1",
					"$(inherited)",
				);
				GCC_SYMBOLS_PRIVATE_EXTERN = NO;
				GCC_VERSION = com.apple.compilers.llvm.clang.1_0;
				GCC_WARN_ABOUT_RETURN_TYPE = YES;
				GCC_WARN_UNINITIALIZED_AUTOS = YES;
				GCC_WARN_UNUSED_VARIABLE = YES;
				IPHONEOS_DEPLOYMENT_TARGET = 5.1;
				SDKROOT = iphoneos;
				TARGETED_DEVICE_FAMILY = "1,2";
			};
			name = Debug;
		};
		1B83C9DE162475FC005799B6 /* Release */ = {
			isa = XCBuildConfiguration;
			buildSettings = {
				ALWAYS_SEARCH_USER_PATHS = NO;
				ARCHS = "$(ARCHS_STANDARD_32_BIT)";
				CLANG_CXX_LANGUAGE_STANDARD = "gnu++0x";
				CLANG_ENABLE_OBJC_ARC = YES;
				CLANG_WARN__DUPLICATE_METHOD_MATCH = YES;
				"CODE_SIGN_IDENTITY[sdk=iphoneos*]" = "iPhone Developer";
				COPY_PHASE_STRIP = YES;
				GCC_C_LANGUAGE_STANDARD = gnu99;
				GCC_VERSION = com.apple.compilers.llvm.clang.1_0;
				GCC_WARN_ABOUT_RETURN_TYPE = YES;
				GCC_WARN_UNINITIALIZED_AUTOS = YES;
				GCC_WARN_UNUSED_VARIABLE = YES;
				IPHONEOS_DEPLOYMENT_TARGET = 5.1;
				OTHER_CFLAGS = "-DNS_BLOCK_ASSERTIONS=1";
				SDKROOT = iphoneos;
				TARGETED_DEVICE_FAMILY = "1,2";
				VALIDATE_PRODUCT = YES;
			};
			name = Release;
		};
		1B83C9E0162475FC005799B6 /* Debug */ = {
			isa = XCBuildConfiguration;
			buildSettings = {
				GCC_PRECOMPILE_PREFIX_HEADER = YES;
				GCC_PREFIX_HEADER = "WaitList/WaitList-Prefix.pch";
				INFOPLIST_FILE = "WaitList/WaitList-Info.plist";
				PRODUCT_NAME = "$(TARGET_NAME)";
				WRAPPER_EXTENSION = app;
			};
			name = Debug;
		};
		1B83C9E1162475FC005799B6 /* Release */ = {
			isa = XCBuildConfiguration;
			buildSettings = {
				GCC_PRECOMPILE_PREFIX_HEADER = YES;
				GCC_PREFIX_HEADER = "WaitList/WaitList-Prefix.pch";
				INFOPLIST_FILE = "WaitList/WaitList-Info.plist";
				PRODUCT_NAME = "$(TARGET_NAME)";
				WRAPPER_EXTENSION = app;
			};
			name = Release;
		};
/* End XCBuildConfiguration section */

/* Begin XCConfigurationList section */
		1B83C9B8162475FC005799B6 /* Build configuration list for PBXProject "WaitList" */ = {
			isa = XCConfigurationList;
			buildConfigurations = (
				1B83C9DD162475FC005799B6 /* Debug */,
				1B83C9DE162475FC005799B6 /* Release */,
			);
			defaultConfigurationIsVisible = 0;
			defaultConfigurationName = Release;
		};
		1B83C9DF162475FC005799B6 /* Build configuration list for PBXNativeTarget "WaitList" */ = {
			isa = XCConfigurationList;
			buildConfigurations = (
				1B83C9E0162475FC005799B6 /* Debug */,
				1B83C9E1162475FC005799B6 /* Release */,
			);
			defaultConfigurationIsVisible = 0;
		};
/* End XCConfigurationList section */
	};
	rootObject = 1B83C9B5162475FC005799B6 /* Project object */;
}
